
Microsoft Visual Studio Solution File, Format Version 12.00
# Visual Studio 2013
VisualStudioVersion = 12.0.30501.0
MinimumVisualStudioVersion = 10.0.40219.1
Project("{FAE04EC0-301F-11D3-BF4B-00C04F79EFBC}") = "vaxelpengar", "vaxelpengar\vaxelpengar.csproj", "{5F28B989-4AB5-4DC4-9186-25A36773591D}"
EndProject
Global
	GlobalSection(SolutionConfigurationPlatforms) = preSolution
		Debug|Any CPU = Debug|Any CPU
		Release|Any CPU = Release|Any CPU
	EndGlobalSection
	GlobalSection(ProjectConfigurationPlatforms) = postSolution
		{5F28B989-4AB5-4DC4-9186-25A36773591D}.Debug|Any CPU.ActiveCfg = Debug|Any CPU
		{5F28B989-4AB5-4DC4-9186-25A36773591D}.Debug|Any CPU.Build.0 = Debug|Any CPU
		{5F28B989-4AB5-4DC4-9186-25A36773591D}.Release|Any CPU.ActiveCfg = Release|Any CPU
		{5F28B989-4AB5-4DC4-9186-25A36773591D}.Release|Any CPU.Build.0 = Release|Any CPU
	EndGlobalSection
	GlobalSection(SolutionProperties) = preSolution
		HideSolutionNode = FALSE
	EndGlobalSection
EndGlobal
